
Microsoft Visual Studio Solution File, Format Version 12.00
# Visual Studio 15
VisualStudioVersion = 15.0.27428.2005
MinimumVisualStudioVersion = 10.0.40219.1
Project("{FAE04EC0-301F-11D3-BF4B-00C04F79EFBC}") = "AngularForm.App", "AngularForm.App\AngularForm.App.csproj", "{51D46261-0E2F-4C5B-AD76-4AAC07E754AC}"
EndProject
Project("{FAE04EC0-301F-11D3-BF4B-00C04F79EFBC}") = "AngularForm.Api", "AngularForm.Api\AngularForm.Api.csproj", "{5896C798-F17B-4AF9-8D1C-FBC77B697218}"
EndProject
Project("{2150E333-8FDC-42A3-9474-1A3956D46DE8}") = "Solution Items", "Solution Items", "{348277DD-D829-4F3B-9D42-2A70AE0A69AD}"
	ProjectSection(SolutionItems) = preProject
		readme.md = readme.md
	EndProjectSection
EndProject
Project("{FAE04EC0-301F-11D3-BF4B-00C04F79EFBC}") = "AngularForm.Test", "AngularForm.Test\AngularForm.Test.csproj", "{0361AC3D-07E5-4249-BA8D-DD90F661971A}"
EndProject
Project("{FAE04EC0-301F-11D3-BF4B-00C04F79EFBC}") = "AngularForm.Data", "AngularForm.Data\AngularForm.Data.csproj", "{823A1D70-54D9-4ECD-A47C-241EFCA4E764}"
EndProject
Project("{FAE04EC0-301F-11D3-BF4B-00C04F79EFBC}") = "AngularForm.Logic", "AngularForm.Logic\AngularForm.Logic.csproj", "{9867F27D-A927-4F47-933D-B2A061D35138}"
EndProject
Global
	GlobalSection(SolutionConfigurationPlatforms) = preSolution
		Debug|Any CPU = Debug|Any CPU
		Release|Any CPU = Release|Any CPU
	EndGlobalSection
	GlobalSection(ProjectConfigurationPlatforms) = postSolution
		{51D46261-0E2F-4C5B-AD76-4AAC07E754AC}.Debug|Any CPU.ActiveCfg = Debug|Any CPU
		{51D46261-0E2F-4C5B-AD76-4AAC07E754AC}.Debug|Any CPU.Build.0 = Debug|Any CPU
		{51D46261-0E2F-4C5B-AD76-4AAC07E754AC}.Release|Any CPU.ActiveCfg = Release|Any CPU
		{51D46261-0E2F-4C5B-AD76-4AAC07E754AC}.Release|Any CPU.Build.0 = Release|Any CPU
		{5896C798-F17B-4AF9-8D1C-FBC77B697218}.Debug|Any CPU.ActiveCfg = Debug|Any CPU
		{5896C798-F17B-4AF9-8D1C-FBC77B697218}.Debug|Any CPU.Build.0 = Debug|Any CPU
		{5896C798-F17B-4AF9-8D1C-FBC77B697218}.Release|Any CPU.ActiveCfg = Release|Any CPU
		{5896C798-F17B-4AF9-8D1C-FBC77B697218}.Release|Any CPU.Build.0 = Release|Any CPU
		{0361AC3D-07E5-4249-BA8D-DD90F661971A}.Debug|Any CPU.ActiveCfg = Debug|Any CPU
		{0361AC3D-07E5-4249-BA8D-DD90F661971A}.Debug|Any CPU.Build.0 = Debug|Any CPU
		{0361AC3D-07E5-4249-BA8D-DD90F661971A}.Release|Any CPU.ActiveCfg = Release|Any CPU
		{0361AC3D-07E5-4249-BA8D-DD90F661971A}.Release|Any CPU.Build.0 = Release|Any CPU
		{823A1D70-54D9-4ECD-A47C-241EFCA4E764}.Debug|Any CPU.ActiveCfg = Debug|Any CPU
		{823A1D70-54D9-4ECD-A47C-241EFCA4E764}.Debug|Any CPU.Build.0 = Debug|Any CPU
		{823A1D70-54D9-4ECD-A47C-241EFCA4E764}.Release|Any CPU.ActiveCfg = Release|Any CPU
		{823A1D70-54D9-4ECD-A47C-241EFCA4E764}.Release|Any CPU.Build.0 = Release|Any CPU
		{9867F27D-A927-4F47-933D-B2A061D35138}.Debug|Any CPU.ActiveCfg = Debug|Any CPU
		{9867F27D-A927-4F47-933D-B2A061D35138}.Debug|Any CPU.Build.0 = Debug|Any CPU
		{9867F27D-A927-4F47-933D-B2A061D35138}.Release|Any CPU.ActiveCfg = Release|Any CPU
		{9867F27D-A927-4F47-933D-B2A061D35138}.Release|Any CPU.Build.0 = Release|Any CPU
	EndGlobalSection
	GlobalSection(SolutionProperties) = preSolution
		HideSolutionNode = FALSE
	EndGlobalSection
	GlobalSection(ExtensibilityGlobals) = postSolution
		SolutionGuid = {F2002BFF-CAF0-444D-816B-1280ADA85DEB}
	EndGlobalSection
EndGlobal
